
Microsoft Visual Studio Solution File, Format Version 12.00
# Visual Studio Version 16
VisualStudioVersion = 16.0.29806.167
MinimumVisualStudioVersion = 10.0.40219.1
Project("{FAE04EC0-301F-11D3-BF4B-00C04F79EFBC}") = "Forms", "KDZ\Forms.csproj", "{B1578B26-48B9-4A38-AE1A-D1BC54EDDFE7}"
EndProject
Project("{FAE04EC0-301F-11D3-BF4B-00C04F79EFBC}") = "GameplayLib", "GameplayLib\GameplayLib.csproj", "{DBD4C66E-EC9C-44DE-B3E5-886A1B5E619E}"
EndProject
Global
	GlobalSection(SolutionConfigurationPlatforms) = preSolution
		Debug|Any CPU = Debug|Any CPU
		Release|Any CPU = Release|Any CPU
	EndGlobalSection
	GlobalSection(ProjectConfigurationPlatforms) = postSolution
		{B1578B26-48B9-4A38-AE1A-D1BC54EDDFE7}.Debug|Any CPU.ActiveCfg = Debug|Any CPU
		{B1578B26-48B9-4A38-AE1A-D1BC54EDDFE7}.Debug|Any CPU.Build.0 = Debug|Any CPU
		{B1578B26-48B9-4A38-AE1A-D1BC54EDDFE7}.Release|Any CPU.ActiveCfg = Release|Any CPU
		{B1578B26-48B9-4A38-AE1A-D1BC54EDDFE7}.Release|Any CPU.Build.0 = Release|Any CPU
		{DBD4C66E-EC9C-44DE-B3E5-886A1B5E619E}.Debug|Any CPU.ActiveCfg = Debug|Any CPU
		{DBD4C66E-EC9C-44DE-B3E5-886A1B5E619E}.Debug|Any CPU.Build.0 = Debug|Any CPU
		{DBD4C66E-EC9C-44DE-B3E5-886A1B5E619E}.Release|Any CPU.ActiveCfg = Release|Any CPU
		{DBD4C66E-EC9C-44DE-B3E5-886A1B5E619E}.Release|Any CPU.Build.0 = Release|Any CPU
	EndGlobalSection
	GlobalSection(SolutionProperties) = preSolution
		HideSolutionNode = FALSE
	EndGlobalSection
	GlobalSection(ExtensibilityGlobals) = postSolution
		SolutionGuid = {45815588-16EB-4E0C-A5BF-EFA0594F4664}
	EndGlobalSection
EndGlobal
